Microsoft Visual Studio Solution File, Format Version 12.00
# Visual Studio Version 17
VisualStudioVersion = 17.5.2.0
MinimumVisualStudioVersion = 10.0.40219.1
Project("{FAE04EC0-301F-11D3-BF4B-00C04F79EFBC}") = "InnerBlend.API", "InnerBlend.API.csproj", "{DD32EB59-C4A1-B326-4C3C-B815499598D0}"
EndProject
Global
	GlobalSection(SolutionConfigurationPlatforms) = preSolution
		Debug|Any CPU = Debug|Any CPU
		Release|Any CPU = Release|Any CPU
	EndGlobalSection
	GlobalSection(ProjectConfigurationPlatforms) = postSolution
		{DD32EB59-C4A1-B326-4C3C-B815499598D0}.Debug|Any CPU.ActiveCfg = Debug|Any CPU
		{DD32EB59-C4A1-B326-4C3C-B815499598D0}.Debug|Any CPU.Build.0 = Debug|Any CPU
		{DD32EB59-C4A1-B326-4C3C-B815499598D0}.Release|Any CPU.ActiveCfg = Release|Any CPU
		{DD32EB59-C4A1-B326-4C3C-B815499598D0}.Release|Any CPU.Build.0 = Release|Any CPU
	EndGlobalSection
	GlobalSection(SolutionProperties) = preSolution
		HideSolutionNode = FALSE
	EndGlobalSection
	GlobalSection(ExtensibilityGlobals) = postSolution
		SolutionGuid = {193A1607-6C95-4877-AE61-46FB043343B3}
	EndGlobalSection
EndGlobal
